
Microsoft Visual Studio Solution File, Format Version 12.00
# Visual Studio 2013
VisualStudioVersion = 12.0.21005.1
MinimumVisualStudioVersion = 10.0.40219.1
Project("{B1E792BE-AA5F-4E3C-8C82-674BF9C0715B}") = "ProBoxJumpstart", "ProBoxJumpstart\ProBoxJumpstart.tsproj", "{66F7CFCD-0B2F-4E87-8C02-1393BE00FF35}"
EndProject
Global
	GlobalSection(SubversionScc) = preSolution
		Svn-Managed = True
		Manager = AnkhSVN - Subversion Support for Visual Studio
	EndGlobalSection
	GlobalSection(SolutionConfigurationPlatforms) = preSolution
		Debug|TwinCAT CE7 (ARMV7) = Debug|TwinCAT CE7 (ARMV7)
		Debug|TwinCAT OS (ARMT2) = Debug|TwinCAT OS (ARMT2)
		Debug|TwinCAT RT (x64) = Debug|TwinCAT RT (x64)
		Debug|TwinCAT RT (x86) = Debug|TwinCAT RT (x86)
		Release|TwinCAT CE7 (ARMV7) = Release|TwinCAT CE7 (ARMV7)
		Release|TwinCAT OS (ARMT2) = Release|TwinCAT OS (ARMT2)
		Release|TwinCAT RT (x64) = Release|TwinCAT RT (x64)
		Release|TwinCAT RT (x86) = Release|TwinCAT RT (x86)
	EndGlobalSection
	GlobalSection(ProjectConfigurationPlatforms) = postSolution
		{66F7CFCD-0B2F-4E87-8C02-1393BE00FF35}.Debug|TwinCAT CE7 (ARMV7).ActiveCfg = Debug|TwinCAT CE7 (ARMV7)
		{66F7CFCD-0B2F-4E87-8C02-1393BE00FF35}.Debug|TwinCAT CE7 (ARMV7).Build.0 = Debug|TwinCAT CE7 (ARMV7)
		{66F7CFCD-0B2F-4E87-8C02-1393BE00FF35}.Debug|TwinCAT OS (ARMT2).ActiveCfg = Debug|TwinCAT OS (ARMT2)
		{66F7CFCD-0B2F-4E87-8C02-1393BE00FF35}.Debug|TwinCAT OS (ARMT2).Build.0 = Debug|TwinCAT OS (ARMT2)
		{66F7CFCD-0B2F-4E87-8C02-1393BE00FF35}.Debug|TwinCAT RT (x64).ActiveCfg = Debug|TwinCAT RT (x64)
		{66F7CFCD-0B2F-4E87-8C02-1393BE00FF35}.Debug|TwinCAT RT (x64).Build.0 = Debug|TwinCAT RT (x64)
		{66F7CFCD-0B2F-4E87-8C02-1393BE00FF35}.Debug|TwinCAT RT (x86).ActiveCfg = Debug|TwinCAT RT (x86)
		{66F7CFCD-0B2F-4E87-8C02-1393BE00FF35}.Debug|TwinCAT RT (x86).Build.0 = Debug|TwinCAT RT (x86)
		{66F7CFCD-0B2F-4E87-8C02-1393BE00FF35}.Release|TwinCAT CE7 (ARMV7).ActiveCfg = Release|TwinCAT CE7 (ARMV7)
		{66F7CFCD-0B2F-4E87-8C02-1393BE00FF35}.Release|TwinCAT CE7 (ARMV7).Build.0 = Release|TwinCAT CE7 (ARMV7)
		{66F7CFCD-0B2F-4E87-8C02-1393BE00FF35}.Release|TwinCAT OS (ARMT2).ActiveCfg = Release|TwinCAT OS (ARMT2)
		{66F7CFCD-0B2F-4E87-8C02-1393BE00FF35}.Release|TwinCAT OS (ARMT2).Build.0 = Release|TwinCAT OS (ARMT2)
		{66F7CFCD-0B2F-4E87-8C02-1393BE00FF35}.Release|TwinCAT RT (x64).ActiveCfg = Release|TwinCAT RT (x64)
		{66F7CFCD-0B2F-4E87-8C02-1393BE00FF35}.Release|TwinCAT RT (x64).Build.0 = Release|TwinCAT RT (x64)
		{66F7CFCD-0B2F-4E87-8C02-1393BE00FF35}.Release|TwinCAT RT (x86).ActiveCfg = Release|TwinCAT RT (x86)
		{66F7CFCD-0B2F-4E87-8C02-1393BE00FF35}.Release|TwinCAT RT (x86).Build.0 = Release|TwinCAT RT (x86)
		{6660A979-E06E-4735-B23F-A88495E91D2A}.Debug|TwinCAT CE7 (ARMV7).ActiveCfg = Debug|TwinCAT CE7 (ARMV7)
		{6660A979-E06E-4735-B23F-A88495E91D2A}.Debug|TwinCAT CE7 (ARMV7).Build.0 = Debug|TwinCAT CE7 (ARMV7)
		{6660A979-E06E-4735-B23F-A88495E91D2A}.Debug|TwinCAT OS (ARMT2).ActiveCfg = Debug|TwinCAT OS (ARMT2)
		{6660A979-E06E-4735-B23F-A88495E91D2A}.Debug|TwinCAT OS (ARMT2).Build.0 = Debug|TwinCAT OS (ARMT2)
		{6660A979-E06E-4735-B23F-A88495E91D2A}.Debug|TwinCAT RT (x64).ActiveCfg = Debug|TwinCAT RT (x64)
		{6660A979-E06E-4735-B23F-A88495E91D2A}.Debug|TwinCAT RT (x64).Build.0 = Debug|TwinCAT RT (x64)
		{6660A979-E06E-4735-B23F-A88495E91D2A}.Debug|TwinCAT RT (x86).ActiveCfg = Debug|TwinCAT RT (x86)
		{6660A979-E06E-4735-B23F-A88495E91D2A}.Debug|TwinCAT RT (x86).Build.0 = Debug|TwinCAT RT (x86)
		{6660A979-E06E-4735-B23F-A88495E91D2A}.Release|TwinCAT CE7 (ARMV7).ActiveCfg = Release|TwinCAT CE7 (ARMV7)
		{6660A979-E06E-4735-B23F-A88495E91D2A}.Release|TwinCAT CE7 (ARMV7).Build.0 = Release|TwinCAT CE7 (ARMV7)
		{6660A979-E06E-4735-B23F-A88495E91D2A}.Release|TwinCAT OS (ARMT2).ActiveCfg = Release|TwinCAT OS (ARMT2)
		{6660A979-E06E-4735-B23F-A88495E91D2A}.Release|TwinCAT OS (ARMT2).Build.0 = Release|TwinCAT OS (ARMT2)
		{6660A979-E06E-4735-B23F-A88495E91D2A}.Release|TwinCAT RT (x64).ActiveCfg = Release|TwinCAT RT (x64)
		{6660A979-E06E-4735-B23F-A88495E91D2A}.Release|TwinCAT RT (x64).Build.0 = Release|TwinCAT RT (x64)
		{6660A979-E06E-4735-B23F-A88495E91D2A}.Release|TwinCAT RT (x86).ActiveCfg = Release|TwinCAT RT (x86)
		{6660A979-E06E-4735-B23F-A88495E91D2A}.Release|TwinCAT RT (x86).Build.0 = Release|TwinCAT RT (x86)
		{2DDE2CE8-8780-49DC-9E85-0FB6D0CBE037}.Debug|TwinCAT CE7 (ARMV7).ActiveCfg = Debug|TwinCAT CE7 (ARMV7)
		{2DDE2CE8-8780-49DC-9E85-0FB6D0CBE037}.Debug|TwinCAT CE7 (ARMV7).Build.0 = Debug|TwinCAT CE7 (ARMV7)
		{2DDE2CE8-8780-49DC-9E85-0FB6D0CBE037}.Debug|TwinCAT OS (ARMT2).ActiveCfg = Debug|TwinCAT OS (ARMT2)
		{2DDE2CE8-8780-49DC-9E85-0FB6D0CBE037}.Debug|TwinCAT OS (ARMT2).Build.0 = Debug|TwinCAT OS (ARMT2)
		{2DDE2CE8-8780-49DC-9E85-0FB6D0CBE037}.Debug|TwinCAT RT (x64).ActiveCfg = Debug|TwinCAT RT (x64)
		{2DDE2CE8-8780-49DC-9E85-0FB6D0CBE037}.Debug|TwinCAT RT (x64).Build.0 = Debug|TwinCAT RT (x64)
		{2DDE2CE8-8780-49DC-9E85-0FB6D0CBE037}.Debug|TwinCAT RT (x86).ActiveCfg = Debug|TwinCAT RT (x86)
		{2DDE2CE8-8780-49DC-9E85-0FB6D0CBE037}.Debug|TwinCAT RT (x86).Build.0 = Debug|TwinCAT RT (x86)
		{2DDE2CE8-8780-49DC-9E85-0FB6D0CBE037}.Release|TwinCAT CE7 (ARMV7).ActiveCfg = Release|TwinCAT CE7 (ARMV7)
		{2DDE2CE8-8780-49DC-9E85-0FB6D0CBE037}.Release|TwinCAT CE7 (ARMV7).Build.0 = Release|TwinCAT CE7 (ARMV7)
		{2DDE2CE8-8780-49DC-9E85-0FB6D0CBE037}.Release|TwinCAT OS (ARMT2).ActiveCfg = Release|TwinCAT OS (ARMT2)
		{2DDE2CE8-8780-49DC-9E85-0FB6D0CBE037}.Release|TwinCAT OS (ARMT2).Build.0 = Release|TwinCAT OS (ARMT2)
		{2DDE2CE8-8780-49DC-9E85-0FB6D0CBE037}.Release|TwinCAT RT (x64).ActiveCfg = Release|TwinCAT RT (x64)
		{2DDE2CE8-8780-49DC-9E85-0FB6D0CBE037}.Release|TwinCAT RT (x64).Build.0 = Release|TwinCAT RT (x64)
		{2DDE2CE8-8780-49DC-9E85-0FB6D0CBE037}.Release|TwinCAT RT (x86).ActiveCfg = Release|TwinCAT RT (x86)
		{2DDE2CE8-8780-49DC-9E85-0FB6D0CBE037}.Release|TwinCAT RT (x86).Build.0 = Release|TwinCAT RT (x86)
	EndGlobalSection
	GlobalSection(SolutionProperties) = preSolution
		HideSolutionNode = FALSE
	EndGlobalSection
EndGlobal
